
Microsoft Visual Studio Solution File, Format Version 12.00
# Visual Studio Version 17
VisualStudioVersion = 17.11.35312.102
MinimumVisualStudioVersion = 10.0.40219.1
Project("{9A19103F-16F7-4668-BE54-9A1E7A4F7556}") = "HackAssembler", "HackAssembler\HackAssembler.csproj", "{B7D3D8A7-07AA-4F7C-B8B9-9BD337270802}"
EndProject
Project("{9A19103F-16F7-4668-BE54-9A1E7A4F7556}") = "VMTranslator", "VMTranslator\VMTranslator.csproj", "{0E3C6C3A-B015-4993-B645-087125A05965}"
EndProject
Project("{FAE04EC0-301F-11D3-BF4B-00C04F79EFBC}") = "JackAnalyzer", "JackAnalyzer\JackAnalyzer.csproj", "{6B4C4EB9-E5DD-467B-B2BC-F2CDC467DBDD}"
EndProject
Global
	GlobalSection(SolutionConfigurationPlatforms) = preSolution
		Debug|Any CPU = Debug|Any CPU
		Release|Any CPU = Release|Any CPU
	EndGlobalSection
	GlobalSection(ProjectConfigurationPlatforms) = postSolution
		{B7D3D8A7-07AA-4F7C-B8B9-9BD337270802}.Debug|Any CPU.ActiveCfg = Debug|Any CPU
		{B7D3D8A7-07AA-4F7C-B8B9-9BD337270802}.Debug|Any CPU.Build.0 = Debug|Any CPU
		{B7D3D8A7-07AA-4F7C-B8B9-9BD337270802}.Release|Any CPU.ActiveCfg = Release|Any CPU
		{B7D3D8A7-07AA-4F7C-B8B9-9BD337270802}.Release|Any CPU.Build.0 = Release|Any CPU
		{0E3C6C3A-B015-4993-B645-087125A05965}.Debug|Any CPU.ActiveCfg = Debug|Any CPU
		{0E3C6C3A-B015-4993-B645-087125A05965}.Debug|Any CPU.Build.0 = Debug|Any CPU
		{0E3C6C3A-B015-4993-B645-087125A05965}.Release|Any CPU.ActiveCfg = Release|Any CPU
		{0E3C6C3A-B015-4993-B645-087125A05965}.Release|Any CPU.Build.0 = Release|Any CPU
		{6B4C4EB9-E5DD-467B-B2BC-F2CDC467DBDD}.Debug|Any CPU.ActiveCfg = Debug|Any CPU
		{6B4C4EB9-E5DD-467B-B2BC-F2CDC467DBDD}.Debug|Any CPU.Build.0 = Debug|Any CPU
		{6B4C4EB9-E5DD-467B-B2BC-F2CDC467DBDD}.Release|Any CPU.ActiveCfg = Release|Any CPU
		{6B4C4EB9-E5DD-467B-B2BC-F2CDC467DBDD}.Release|Any CPU.Build.0 = Release|Any CPU
	EndGlobalSection
	GlobalSection(SolutionProperties) = preSolution
		HideSolutionNode = FALSE
	EndGlobalSection
	GlobalSection(ExtensibilityGlobals) = postSolution
		SolutionGuid = {3E975285-57C0-40C8-B571-CBEEBCC5A4E7}
	EndGlobalSection
EndGlobal
